# This file was autogenerated by Stack.
# You should not edit this file by hand.
# For more information, please see the documentation at:
#   https://docs.haskellstack.org/en/stable/lock_files

packages: []
snapshots:
- completed:
    size: 527200
    url: https://raw.githubusercontent.com/commercialhaskell/stackage-snapshots/master/lts/11/19.yaml
    sha256: 16758b43c10c731bc142fdc5c005795db8338d7b4a28cd0af6730d739af2b306
  original: lts-11.19
